
Microsoft Visual Studio Solution File, Format Version 12.00
# Visual Studio 15
VisualStudioVersion = 15.0.26730.16
MinimumVisualStudioVersion = 10.0.40219.1
Project("{2150E333-8FDC-42A3-9474-1A3956D46DE8}") = "performance", "performance", "{66A967D8-92BF-4A3D-BA57-17762ABA9B7E}"
EndProject
Project("{9A19103F-16F7-4668-BE54-9A1E7A4F7556}") = "Shared", "Shared\Shared.csproj", "{06923F6E-506F-4931-9D2B-C3457BAE0B5A}"
EndProject
Project("{9A19103F-16F7-4668-BE54-9A1E7A4F7556}") = "Baseline", "Performance\Baseline\Baseline.csproj", "{B83E7517-5C77-455A-BECD-27EC53ECF72B}"
EndProject
Project("{9A19103F-16F7-4668-BE54-9A1E7A4F7556}") = "CodeOptimization", "Performance\CodeOptimization\CodeOptimization.csproj", "{1914A043-8C9E-402B-A183-C2AA2DEAEF94}"
EndProject
Project("{9A19103F-16F7-4668-BE54-9A1E7A4F7556}") = "StdOut", "Performance\StdOut\StdOut.csproj", "{6E91AA96-95E9-4EB7-9683-E987C931749B}"
EndProject
Project("{9A19103F-16F7-4668-BE54-9A1E7A4F7556}") = "StdOutCodeOptimization", "Performance\StdOutCodeOptimization\StdOutCodeOptimization.csproj", "{E448C3B1-DEBD-41CC-9935-158F200A271D}"
EndProject
Global
	GlobalSection(SolutionConfigurationPlatforms) = preSolution
		Debug|Any CPU = Debug|Any CPU
		Release|Any CPU = Release|Any CPU
	EndGlobalSection
	GlobalSection(ProjectConfigurationPlatforms) = postSolution
		{06923F6E-506F-4931-9D2B-C3457BAE0B5A}.Debug|Any CPU.ActiveCfg = Debug|Any CPU
		{06923F6E-506F-4931-9D2B-C3457BAE0B5A}.Debug|Any CPU.Build.0 = Debug|Any CPU
		{06923F6E-506F-4931-9D2B-C3457BAE0B5A}.Release|Any CPU.ActiveCfg = Release|Any CPU
		{06923F6E-506F-4931-9D2B-C3457BAE0B5A}.Release|Any CPU.Build.0 = Release|Any CPU
		{B83E7517-5C77-455A-BECD-27EC53ECF72B}.Debug|Any CPU.ActiveCfg = Debug|Any CPU
		{B83E7517-5C77-455A-BECD-27EC53ECF72B}.Debug|Any CPU.Build.0 = Debug|Any CPU
		{B83E7517-5C77-455A-BECD-27EC53ECF72B}.Release|Any CPU.ActiveCfg = Release|Any CPU
		{B83E7517-5C77-455A-BECD-27EC53ECF72B}.Release|Any CPU.Build.0 = Release|Any CPU
		{1914A043-8C9E-402B-A183-C2AA2DEAEF94}.Debug|Any CPU.ActiveCfg = Debug|Any CPU
		{1914A043-8C9E-402B-A183-C2AA2DEAEF94}.Debug|Any CPU.Build.0 = Debug|Any CPU
		{1914A043-8C9E-402B-A183-C2AA2DEAEF94}.Release|Any CPU.ActiveCfg = Release|Any CPU
		{1914A043-8C9E-402B-A183-C2AA2DEAEF94}.Release|Any CPU.Build.0 = Release|Any CPU
		{6E91AA96-95E9-4EB7-9683-E987C931749B}.Debug|Any CPU.ActiveCfg = Debug|Any CPU
		{6E91AA96-95E9-4EB7-9683-E987C931749B}.Debug|Any CPU.Build.0 = Debug|Any CPU
		{6E91AA96-95E9-4EB7-9683-E987C931749B}.Release|Any CPU.ActiveCfg = Release|Any CPU
		{6E91AA96-95E9-4EB7-9683-E987C931749B}.Release|Any CPU.Build.0 = Release|Any CPU
		{E448C3B1-DEBD-41CC-9935-158F200A271D}.Debug|Any CPU.ActiveCfg = Debug|Any CPU
		{E448C3B1-DEBD-41CC-9935-158F200A271D}.Debug|Any CPU.Build.0 = Debug|Any CPU
		{E448C3B1-DEBD-41CC-9935-158F200A271D}.Release|Any CPU.ActiveCfg = Release|Any CPU
		{E448C3B1-DEBD-41CC-9935-158F200A271D}.Release|Any CPU.Build.0 = Release|Any CPU
	EndGlobalSection
	GlobalSection(SolutionProperties) = preSolution
		HideSolutionNode = FALSE
	EndGlobalSection
	GlobalSection(NestedProjects) = preSolution
		{B83E7517-5C77-455A-BECD-27EC53ECF72B} = {66A967D8-92BF-4A3D-BA57-17762ABA9B7E}
		{1914A043-8C9E-402B-A183-C2AA2DEAEF94} = {66A967D8-92BF-4A3D-BA57-17762ABA9B7E}
		{6E91AA96-95E9-4EB7-9683-E987C931749B} = {66A967D8-92BF-4A3D-BA57-17762ABA9B7E}
		{E448C3B1-DEBD-41CC-9935-158F200A271D} = {66A967D8-92BF-4A3D-BA57-17762ABA9B7E}
	EndGlobalSection
	GlobalSection(ExtensibilityGlobals) = postSolution
		SolutionGuid = {945D2DC5-3D06-4BF0-952D-6AAF598443C0}
	EndGlobalSection
EndGlobal
